{
  "name": "eris-boiler",
  "version": "4.0.0",
  "lockfileVersion": 1,
  "requires": true,
  "dependencies": {
    "eris": {
      "version": "github:alex-taxiera/eris#9d9d1193565e290829552d36d35f5dcf7218ca80",
      "from": "github:alex-taxiera/eris#fix-event-type-catchall",
      "requires": {
        "opusscript": "^0.0.7",
        "tweetnacl": "^1.0.1",
        "ws": "^7.2.1"
      },
      "dependencies": {
        "opusscript": {
          "version": "0.0.7",
          "resolved": "https://registry.npmjs.org/opusscript/-/opusscript-0.0.7.tgz",
          "integrity": "sha512-DcBadTdYTUuH9zQtepsLjQn4Ll6rs3dmeFvN+SD0ThPnxRBRm/WC1zXWPg+wgAJimB784gdZvUMA57gDP7FdVg==",
          "optional": true
        },
        "tweetnacl": {
          "version": "1.0.3",
          "resolved": "https://registry.npmjs.org/tweetnacl/-/tweetnacl-1.0.3.tgz",
          "integrity": "sha512-6rt+RN7aOi1nGMyC4Xa5DdYiukl2UWCbcJft7YhxReBGQD7OAM8Pbxw6YMo4r2diNEA8FEmu32YOn9rhaiE5yw==",
          "optional": true
        },
        "ws": {
          "version": "7.3.0",
          "resolved": "https://registry.npmjs.org/ws/-/ws-7.3.0.tgz",
          "integrity": "sha512-iFtXzngZVXPGgpTlP1rBqsUK82p9tKqsWRPg5L56egiljujJT3vGAYnHANvFxBieXrTFavhzhxW52jnaWV+w2w=="
        }
      }
    }
  }
}
